{
  "nodes": {
    "flake-parts": {
      "inputs": {
        "nixpkgs-lib": "nixpkgs-lib"
      },
      "locked": {
        "lastModified": 1749398372,
        "narHash": "sha256-tYBdgS56eXYaWVW3fsnPQ/nFlgWi/Z2Ymhyu21zVM98=",
        "owner": "hercules-ci",
        "repo": "flake-parts",
        "rev": "9305fe4e5c2a6fcf5ba6a3ff155720fbe4076569",
        "type": "github"
      },
      "original": {
        "owner": "hercules-ci",
        "repo": "flake-parts",
        "type": "github"
      }
    },
    "home-manager": {
      "inputs": {
        "nixpkgs": [
          "nixpkgs"
        ]
      },
      "locked": {
        "lastModified": 1756496801,
        "narHash": "sha256-IYIsnPy+cJxe8RbDHBrCtfJY0ry2bG2H7WvMcewiGS8=",
        "owner": "nix-community",
        "repo": "home-manager",
        "rev": "77a71380c38fb2a440b4b5881bbc839f6230e1cb",
        "type": "github"
      },
      "original": {
        "owner": "nix-community",
        "repo": "home-manager",
        "type": "github"
      }
    },
    "nixpkgs": {
      "locked": {
        "lastModified": 1756381814,
        "narHash": "sha256-tzo7YvAsGlzo4WiIHT0ooR59VHu+aKRQdHk7sIyoia4=",
        "owner": "nixos",
        "repo": "nixpkgs",
        "rev": "aca2499b79170038df0dbaec8bf2f689b506ad32",
        "type": "github"
      },
      "original": {
        "owner": "nixos",
        "ref": "nixpkgs-unstable",
        "repo": "nixpkgs",
        "type": "github"
      }
    },
    "nixpkgs-lib": {
      "locked": {
        "lastModified": 1748740939,
        "narHash": "sha256-rQaysilft1aVMwF14xIdGS3sj1yHlI6oKQNBRTF40cc=",
        "owner": "nix-community",
        "repo": "nixpkgs.lib",
        "rev": "656a64127e9d791a334452c6b6606d17539476e2",
        "type": "github"
      },
      "original": {
        "owner": "nix-community",
        "repo": "nixpkgs.lib",
        "type": "github"
      }
    },
    "nixpkgs_2": {
      "locked": {
        "lastModified": 1749794982,
        "narHash": "sha256-Kh9K4taXbVuaLC0IL+9HcfvxsSUx8dPB5s5weJcc9pc=",
        "owner": "nixos",
        "repo": "nixpkgs",
        "rev": "ee930f9755f58096ac6e8ca94a1887e0534e2d81",
        "type": "github"
      },
      "original": {
        "owner": "nixos",
        "ref": "nixos-unstable",
        "repo": "nixpkgs",
        "type": "github"
      }
    },
    "pdeconfig": {
      "inputs": {
        "flake-parts": "flake-parts",
        "nixpkgs": "nixpkgs_2"
      },
      "locked": {
        "lastModified": 1756325922,
        "narHash": "sha256-Rji/UJ4SWrwk4nsYkhnzZcooVY925CfnoqVT9np6Sl8=",
        "owner": "VinceDeslo",
        "repo": "pdeconfig.nvim",
        "rev": "98713ce50eb92661213a96cf72161c57d435f8a1",
        "type": "github"
      },
      "original": {
        "owner": "VinceDeslo",
        "repo": "pdeconfig.nvim",
        "type": "github"
      }
    },
    "root": {
      "inputs": {
        "home-manager": "home-manager",
        "nixpkgs": "nixpkgs",
        "pdeconfig": "pdeconfig"
      }
    }
  },
  "root": "root",
  "version": 7
}
